
Microsoft Visual Studio Solution File, Format Version 12.00
# Visual Studio 15
VisualStudioVersion = 15.0.27703.2042
MinimumVisualStudioVersion = 10.0.40219.1
Project("{FAE04EC0-301F-11D3-BF4B-00C04F79EFBC}") = "DiscordPBot", "DiscordPBot\DiscordPBot.csproj", "{D6BBFDEE-A3FB-42E1-A236-EA40DDFE87B5}"
EndProject
Project("{FAE04EC0-301F-11D3-BF4B-00C04F79EFBC}") = "BitLog", "BitLog\BitLog.csproj", "{D4D01D77-3C70-4CBC-940B-B51C81FE718B}"
EndProject
Global
	GlobalSection(SolutionConfigurationPlatforms) = preSolution
		Debug|Any CPU = Debug|Any CPU
		Release|Any CPU = Release|Any CPU
	EndGlobalSection
	GlobalSection(ProjectConfigurationPlatforms) = postSolution
		{D6BBFDEE-A3FB-42E1-A236-EA40DDFE87B5}.Debug|Any CPU.ActiveCfg = Debug|Any CPU
		{D6BBFDEE-A3FB-42E1-A236-EA40DDFE87B5}.Debug|Any CPU.Build.0 = Debug|Any CPU
		{D6BBFDEE-A3FB-42E1-A236-EA40DDFE87B5}.Release|Any CPU.ActiveCfg = Release|Any CPU
		{D6BBFDEE-A3FB-42E1-A236-EA40DDFE87B5}.Release|Any CPU.Build.0 = Release|Any CPU
		{D4D01D77-3C70-4CBC-940B-B51C81FE718B}.Debug|Any CPU.ActiveCfg = Debug|Any CPU
		{D4D01D77-3C70-4CBC-940B-B51C81FE718B}.Debug|Any CPU.Build.0 = Debug|Any CPU
		{D4D01D77-3C70-4CBC-940B-B51C81FE718B}.Release|Any CPU.ActiveCfg = Release|Any CPU
		{D4D01D77-3C70-4CBC-940B-B51C81FE718B}.Release|Any CPU.Build.0 = Release|Any CPU
	EndGlobalSection
	GlobalSection(SolutionProperties) = preSolution
		HideSolutionNode = FALSE
	EndGlobalSection
	GlobalSection(ExtensibilityGlobals) = postSolution
		SolutionGuid = {BF97F0CA-8AAC-40EA-9FB7-03268CB9C53C}
	EndGlobalSection
EndGlobal
